{
  "name": "tree-sitter-astro",
  "version": "0.0.1",
  "lockfileVersion": 2,
  "requires": true,
  "packages": {
    "": {
      "name": "tree-sitter-astro",
      "version": "0.0.1",
      "license": "MIT",
      "dependencies": {
        "nan": "^2.15.0",
        "tree-sitter-html": "^0.19.0"
      },
      "devDependencies": {
        "tree-sitter-cli": "^0.20.6"
      }
    },
    "node_modules/nan": {
      "version": "2.15.0",
      "resolved": "https://registry.npmjs.org/nan/-/nan-2.15.0.tgz",
      "integrity": "sha512-8ZtvEnA2c5aYCZYd1cvgdnU6cqwixRoYg70xPLWUws5ORTa/lnw+u4amixRS/Ac5U5mQVgp9pnlSUnbNWFaWZQ=="
    },
    "node_modules/tree-sitter-cli": {
      "version": "0.20.6",
      "resolved": "https://registry.npmjs.org/tree-sitter-cli/-/tree-sitter-cli-0.20.6.tgz",
      "integrity": "sha512-tjbAeuGSMhco/EnsThjWkQbDIYMDmdkWsTPsa/NJAW7bjaki9P7oM9TkLxfdlnm4LXd1wR5wVSM2/RTLtZbm6A==",
      "dev": true,
      "hasInstallScript": true,
      "bin": {
        "tree-sitter": "cli.js"
      }
    },
    "node_modules/tree-sitter-html": {
      "version": "0.19.0",
      "resolved": "https://registry.npmjs.org/tree-sitter-html/-/tree-sitter-html-0.19.0.tgz",
      "integrity": "sha512-xH6XGSBWzb4oU/aG6gouMRQKsd96iKuy0zboUqo3wcIWrA++q9a7CmQTSeIINiSfOXjT2ZLJciXFDgAh6h04Bw==",
      "hasInstallScript": true,
      "dependencies": {
        "nan": "^2.14.0"
      }
    }
  },
  "dependencies": {
    "nan": {
      "version": "2.15.0",
      "resolved": "https://registry.npmjs.org/nan/-/nan-2.15.0.tgz",
      "integrity": "sha512-8ZtvEnA2c5aYCZYd1cvgdnU6cqwixRoYg70xPLWUws5ORTa/lnw+u4amixRS/Ac5U5mQVgp9pnlSUnbNWFaWZQ=="
    },
    "tree-sitter-cli": {
      "version": "0.20.6",
      "resolved": "https://registry.npmjs.org/tree-sitter-cli/-/tree-sitter-cli-0.20.6.tgz",
      "integrity": "sha512-tjbAeuGSMhco/EnsThjWkQbDIYMDmdkWsTPsa/NJAW7bjaki9P7oM9TkLxfdlnm4LXd1wR5wVSM2/RTLtZbm6A==",
      "dev": true
    },
    "tree-sitter-html": {
      "version": "0.19.0",
      "resolved": "https://registry.npmjs.org/tree-sitter-html/-/tree-sitter-html-0.19.0.tgz",
      "integrity": "sha512-xH6XGSBWzb4oU/aG6gouMRQKsd96iKuy0zboUqo3wcIWrA++q9a7CmQTSeIINiSfOXjT2ZLJciXFDgAh6h04Bw==",
      "requires": {
        "nan": "^2.14.0"
      }
    }
  }
}
